
Microsoft Visual Studio Solution File, Format Version 12.00
# Visual Studio Version 16
VisualStudioVersion = 16.0.29806.167
MinimumVisualStudioVersion = 10.0.40219.1
Project("{FAE04EC0-301F-11D3-BF4B-00C04F79EFBC}") = "Exercise02-Inheritance", "Exercise02-Inheritance\Exercise02-Inheritance.csproj", "{A3EC9115-F596-4739-821D-D5C452F65A2C}"
EndProject
Global
	GlobalSection(SolutionConfigurationPlatforms) = preSolution
		Debug|Any CPU = Debug|Any CPU
		Release|Any CPU = Release|Any CPU
	EndGlobalSection
	GlobalSection(ProjectConfigurationPlatforms) = postSolution
		{A3EC9115-F596-4739-821D-D5C452F65A2C}.Debug|Any CPU.ActiveCfg = Debug|Any CPU
		{A3EC9115-F596-4739-821D-D5C452F65A2C}.Debug|Any CPU.Build.0 = Debug|Any CPU
		{A3EC9115-F596-4739-821D-D5C452F65A2C}.Release|Any CPU.ActiveCfg = Release|Any CPU
		{A3EC9115-F596-4739-821D-D5C452F65A2C}.Release|Any CPU.Build.0 = Release|Any CPU
	EndGlobalSection
	GlobalSection(SolutionProperties) = preSolution
		HideSolutionNode = FALSE
	EndGlobalSection
	GlobalSection(ExtensibilityGlobals) = postSolution
		SolutionGuid = {10586F38-9A39-4C9F-8ECE-2E23881C8FC6}
	EndGlobalSection
EndGlobal
